// !$*UTF8*$!
{
	archiveVersion = 1;
	classes = {
	};
	objectVersion = 56;
	objects = {

/* Begin PBXBuildFile section */
		1000000000000001 /* KardashevGameApp.swift in Sources */ = {isa = PBXBuildFile; fileRef = 2000000000000001 /* KardashevGameApp.swift */; };
		1000000000000002 /* ContentView.swift in Sources */ = {isa = PBXBuildFile; fileRef = 2000000000000002 /* ContentView.swift */; };
		1000000000000003 /* MainMenuView.swift in Sources */ = {isa = PBXBuildFile; fileRef = 2000000000000003 /* MainMenuView.swift */; };
		1000000000000004 /* GameView.swift in Sources */ = {isa = PBXBuildFile; fileRef = 2000000000000004 /* GameView.swift */; };
		1000000000000005 /* ShopView.swift in Sources */ = {isa = PBXBuildFile; fileRef = 2000000000000005 /* ShopView.swift */; };
		1000000000000006 /* StatsView.swift in Sources */ = {isa = PBXBuildFile; fileRef = 2000000000000006 /* StatsView.swift */; };
		1000000000000007 /* ResourceDisplayView.swift in Sources */ = {isa = PBXBuildFile; fileRef = 2000000000000007 /* ResourceDisplayView.swift */; };
		1000000000000008 /* BuildingCardView.swift in Sources */ = {isa = PBXBuildFile; fileRef = 2000000000000008 /* BuildingCardView.swift */; };
		1000000000000009 /* ClickerButtonView.swift in Sources */ = {isa = PBXBuildFile; fileRef = 2000000000000009 /* ClickerButtonView.swift */; };
		1000000000000010 /* BaseGameScene.swift in Sources */ = {isa = PBXBuildFile; fileRef = 2000000000000010 /* BaseGameScene.swift */; };
		1000000000000011 /* Stage1Scene.swift in Sources */ = {isa = PBXBuildFile; fileRef = 2000000000000011 /* Stage1Scene.swift */; };
		1000000000000012 /* Stage2Scene.swift in Sources */ = {isa = PBXBuildFile; fileRef = 2000000000000012 /* Stage2Scene.swift */; };
		1000000000000013 /* Stage3Scene.swift in Sources */ = {isa = PBXBuildFile; fileRef = 2000000000000013 /* Stage3Scene.swift */; };
		1000000000000014 /* GameManager.swift in Sources */ = {isa = PBXBuildFile; fileRef = 2000000000000014 /* GameManager.swift */; };
		1000000000000015 /* ResourceManager.swift in Sources */ = {isa = PBXBuildFile; fileRef = 2000000000000015 /* ResourceManager.swift */; };
		1000000000000016 /* ProgressionManager.swift in Sources */ = {isa = PBXBuildFile; fileRef = 2000000000000016 /* ProgressionManager.swift */; };
		1000000000000017 /* SaveManager.swift in Sources */ = {isa = PBXBuildFile; fileRef = 2000000000000017 /* SaveManager.swift */; };
		1000000000000018 /* OfflineProgressManager.swift in Sources */ = {isa = PBXBuildFile; fileRef = 2000000000000018 /* OfflineProgressManager.swift */; };
		1000000000000019 /* Civilization.swift in Sources */ = {isa = PBXBuildFile; fileRef = 2000000000000019 /* Civilization.swift */; };
		1000000000000020 /* Resource.swift in Sources */ = {isa = PBXBuildFile; fileRef = 2000000000000020 /* Resource.swift */; };
		1000000000000021 /* Building.swift in Sources */ = {isa = PBXBuildFile; fileRef = 2000000000000021 /* Building.swift */; };
		1000000000000022 /* Technology.swift in Sources */ = {isa = PBXBuildFile; fileRef = 2000000000000022 /* Technology.swift */; };
		1000000000000023 /* KardashevStage.swift in Sources */ = {isa = PBXBuildFile; fileRef = 2000000000000023 /* KardashevStage.swift */; };
		1000000000000024 /* GameState.swift in Sources */ = {isa = PBXBuildFile; fileRef = 2000000000000024 /* GameState.swift */; };
		1000000000000025 /* BigNumber.swift in Sources */ = {isa = PBXBuildFile; fileRef = 2000000000000025 /* BigNumber.swift */; };
		1000000000000026 /* Constants.swift in Sources */ = {isa = PBXBuildFile; fileRef = 2000000000000026 /* Constants.swift */; };
		1000000000000027 /* BalanceConfig.swift in Sources */ = {isa = PBXBuildFile; fileRef = 2000000000000027 /* BalanceConfig.swift */; };
		1000000000000028 /* Extensions.swift in Sources */ = {isa = PBXBuildFile; fileRef = 2000000000000028 /* Extensions.swift */; };
		1000000000000029 /* Assets.xcassets in Resources */ = {isa = PBXBuildFile; fileRef = 2000000000000029 /* Assets.xcassets */; };
		382F434F2EC0A164000B9A42 /* NewRunView.swift in Sources */ = {isa = PBXBuildFile; fileRef = 382F434C2EC0A164000B9A42 /* NewRunView.swift */; };
		382F43502EC0A164000B9A42 /* RunStatsView.swift in Sources */ = {isa = PBXBuildFile; fileRef = 382F434E2EC0A164000B9A42 /* RunStatsView.swift */; };
		382F43512EC0A164000B9A42 /* RunSelectionView.swift in Sources */ = {isa = PBXBuildFile; fileRef = 382F434D2EC0A164000B9A42 /* RunSelectionView.swift */; };
		382F43532EC0A17A000B9A42 /* RunCardView.swift in Sources */ = {isa = PBXBuildFile; fileRef = 382F43522EC0A17A000B9A42 /* RunCardView.swift */; };
		382F43552EC0A18C000B9A42 /* RunManager.swift in Sources */ = {isa = PBXBuildFile; fileRef = 382F43542EC0A18C000B9A42 /* RunManager.swift */; };
		382F43582EC0A199000B9A42 /* PlanetGenerator.swift in Sources */ = {isa = PBXBuildFile; fileRef = 382F43562EC0A199000B9A42 /* PlanetGenerator.swift */; };
		382F43592EC0A199000B9A42 /* SeededRandomNumberGenerator.swift in Sources */ = {isa = PBXBuildFile; fileRef = 382F43572EC0A199000B9A42 /* SeededRandomNumberGenerator.swift */; };
		382F435C2EC0A1A4000B9A42 /* Run.swift in Sources */ = {isa = PBXBuildFile; fileRef = 382F435B2EC0A1A4000B9A42 /* Run.swift */; };
		382F435D2EC0A1A4000B9A42 /* PlanetSeed.swift in Sources */ = {isa = PBXBuildFile; fileRef = 382F435A2EC0A1A4000B9A42 /* PlanetSeed.swift */; };
/* End PBXBuildFile section */

/* Begin PBXFileReference section */
		2000000000000001 /* KardashevGameApp.swift */ = {isa = PBXFileReference; lastKnownFileType = sourcecode.swift; path = KardashevGameApp.swift; sourceTree = "<group>"; };
		2000000000000002 /* ContentView.swift */ = {isa = PBXFileReference; lastKnownFileType = sourcecode.swift; path = ContentView.swift; sourceTree = "<group>"; };
		2000000000000003 /* MainMenuView.swift */ = {isa = PBXFileReference; lastKnownFileType = sourcecode.swift; path = MainMenuView.swift; sourceTree = "<group>"; };
		2000000000000004 /* GameView.swift */ = {isa = PBXFileReference; lastKnownFileType = sourcecode.swift; path = GameView.swift; sourceTree = "<group>"; };
		2000000000000005 /* ShopView.swift */ = {isa = PBXFileReference; lastKnownFileType = sourcecode.swift; path = ShopView.swift; sourceTree = "<group>"; };
		2000000000000006 /* StatsView.swift */ = {isa = PBXFileReference; lastKnownFileType = sourcecode.swift; path = StatsView.swift; sourceTree = "<group>"; };
		2000000000000007 /* ResourceDisplayView.swift */ = {isa = PBXFileReference; lastKnownFileType = sourcecode.swift; path = ResourceDisplayView.swift; sourceTree = "<group>"; };
		2000000000000008 /* BuildingCardView.swift */ = {isa = PBXFileReference; lastKnownFileType = sourcecode.swift; path = BuildingCardView.swift; sourceTree = "<group>"; };
		2000000000000009 /* ClickerButtonView.swift */ = {isa = PBXFileReference; lastKnownFileType = sourcecode.swift; path = ClickerButtonView.swift; sourceTree = "<group>"; };
		2000000000000010 /* BaseGameScene.swift */ = {isa = PBXFileReference; lastKnownFileType = sourcecode.swift; path = BaseGameScene.swift; sourceTree = "<group>"; };
		2000000000000011 /* Stage1Scene.swift */ = {isa = PBXFileReference; lastKnownFileType = sourcecode.swift; path = Stage1Scene.swift; sourceTree = "<group>"; };
		2000000000000012 /* Stage2Scene.swift */ = {isa = PBXFileReference; lastKnownFileType = sourcecode.swift; path = Stage2Scene.swift; sourceTree = "<group>"; };
		2000000000000013 /* Stage3Scene.swift */ = {isa = PBXFileReference; lastKnownFileType = sourcecode.swift; path = Stage3Scene.swift; sourceTree = "<group>"; };
		2000000000000014 /* GameManager.swift */ = {isa = PBXFileReference; lastKnownFileType = sourcecode.swift; path = GameManager.swift; sourceTree = "<group>"; };
		2000000000000015 /* ResourceManager.swift */ = {isa = PBXFileReference; lastKnownFileType = sourcecode.swift; path = ResourceManager.swift; sourceTree = "<group>"; };
		2000000000000016 /* ProgressionManager.swift */ = {isa = PBXFileReference; lastKnownFileType = sourcecode.swift; path = ProgressionManager.swift; sourceTree = "<group>"; };
		2000000000000017 /* SaveManager.swift */ = {isa = PBXFileReference; lastKnownFileType = sourcecode.swift; path = SaveManager.swift; sourceTree = "<group>"; };
		2000000000000018 /* OfflineProgressManager.swift */ = {isa = PBXFileReference; lastKnownFileType = sourcecode.swift; path = OfflineProgressManager.swift; sourceTree = "<group>"; };
		2000000000000019 /* Civilization.swift */ = {isa = PBXFileReference; lastKnownFileType = sourcecode.swift; path = Civilization.swift; sourceTree = "<group>"; };
		2000000000000020 /* Resource.swift */ = {isa = PBXFileReference; lastKnownFileType = sourcecode.swift; path = Resource.swift; sourceTree = "<group>"; };
		2000000000000021 /* Building.swift */ = {isa = PBXFileReference; lastKnownFileType = sourcecode.swift; path = Building.swift; sourceTree = "<group>"; };
		2000000000000022 /* Technology.swift */ = {isa = PBXFileReference; lastKnownFileType = sourcecode.swift; path = Technology.swift; sourceTree = "<group>"; };
		2000000000000023 /* KardashevStage.swift */ = {isa = PBXFileReference; lastKnownFileType = sourcecode.swift; path = KardashevStage.swift; sourceTree = "<group>"; };
		2000000000000024 /* GameState.swift */ = {isa = PBXFileReference; lastKnownFileType = sourcecode.swift; path = GameState.swift; sourceTree = "<group>"; };
		2000000000000025 /* BigNumber.swift */ = {isa = PBXFileReference; lastKnownFileType = sourcecode.swift; path = BigNumber.swift; sourceTree = "<group>"; };
		2000000000000026 /* Constants.swift */ = {isa = PBXFileReference; lastKnownFileType = sourcecode.swift; path = Constants.swift; sourceTree = "<group>"; };
		2000000000000027 /* BalanceConfig.swift */ = {isa = PBXFileReference; lastKnownFileType = sourcecode.swift; path = BalanceConfig.swift; sourceTree = "<group>"; };
		2000000000000028 /* Extensions.swift */ = {isa = PBXFileReference; lastKnownFileType = sourcecode.swift; path = Extensions.swift; sourceTree = "<group>"; };
		2000000000000029 /* Assets.xcassets */ = {isa = PBXFileReference; lastKnownFileType = folder.assetcatalog; path = Assets.xcassets; sourceTree = "<group>"; };
		2000000000000030 /* Info.plist */ = {isa = PBXFileReference; lastKnownFileType = text.plist.xml; path = Info.plist; sourceTree = "<group>"; };
		3000000000000001 /* KardashevGame.app */ = {isa = PBXFileReference; explicitFileType = wrapper.application; includeInIndex = 0; path = KardashevGame.app; sourceTree = BUILT_PRODUCTS_DIR; };
		382F434C2EC0A164000B9A42 /* NewRunView.swift */ = {isa = PBXFileReference; lastKnownFileType = sourcecode.swift; path = NewRunView.swift; sourceTree = "<group>"; };
		382F434D2EC0A164000B9A42 /* RunSelectionView.swift */ = {isa = PBXFileReference; lastKnownFileType = sourcecode.swift; path = RunSelectionView.swift; sourceTree = "<group>"; };
		382F434E2EC0A164000B9A42 /* RunStatsView.swift */ = {isa = PBXFileReference; lastKnownFileType = sourcecode.swift; path = RunStatsView.swift; sourceTree = "<group>"; };
		382F43522EC0A17A000B9A42 /* RunCardView.swift */ = {isa = PBXFileReference; lastKnownFileType = sourcecode.swift; path = RunCardView.swift; sourceTree = "<group>"; };
		382F43542EC0A18C000B9A42 /* RunManager.swift */ = {isa = PBXFileReference; lastKnownFileType = sourcecode.swift; path = RunManager.swift; sourceTree = "<group>"; };
		382F43562EC0A199000B9A42 /* PlanetGenerator.swift */ = {isa = PBXFileReference; lastKnownFileType = sourcecode.swift; path = PlanetGenerator.swift; sourceTree = "<group>"; };
		382F43572EC0A199000B9A42 /* SeededRandomNumberGenerator.swift */ = {isa = PBXFileReference; lastKnownFileType = sourcecode.swift; path = SeededRandomNumberGenerator.swift; sourceTree = "<group>"; };
		382F435A2EC0A1A4000B9A42 /* PlanetSeed.swift */ = {isa = PBXFileReference; lastKnownFileType = sourcecode.swift; path = PlanetSeed.swift; sourceTree = "<group>"; };
		382F435B2EC0A1A4000B9A42 /* Run.swift */ = {isa = PBXFileReference; lastKnownFileType = sourcecode.swift; path = Run.swift; sourceTree = "<group>"; };
/* End PBXFileReference section */

/* Begin PBXFrameworksBuildPhase section */
		4000000000000001 /* Frameworks */ = {
			isa = PBXFrameworksBuildPhase;
			buildActionMask = 2147483647;
			files = (
			);
			runOnlyForDeploymentPostprocessing = 0;
		};
/* End PBXFrameworksBuildPhase section */

/* Begin PBXGroup section */
		5000000000000001 = {
			isa = PBXGroup;
			children = (
				5000000000000002 /* KardashevGame */,
				5000000000000003 /* Products */,
			);
			sourceTree = "<group>";
		};
		5000000000000002 /* KardashevGame */ = {
			isa = PBXGroup;
			children = (
				2000000000000001 /* KardashevGameApp.swift */,
				5000000000000004 /* Views */,
				5000000000000005 /* Scenes */,
				5000000000000006 /* Managers */,
				5000000000000007 /* Models */,
				5000000000000008 /* Utils */,
				5000000000000009 /* Resources */,
				2000000000000030 /* Info.plist */,
			);
			path = KardashevGame;
			sourceTree = "<group>";
		};
		5000000000000003 /* Products */ = {
			isa = PBXGroup;
			children = (
				3000000000000001 /* KardashevGame.app */,
			);
			name = Products;
			sourceTree = "<group>";
		};
		5000000000000004 /* Views */ = {
			isa = PBXGroup;
			children = (
				2000000000000002 /* ContentView.swift */,
				2000000000000003 /* MainMenuView.swift */,
				2000000000000004 /* GameView.swift */,
				2000000000000005 /* ShopView.swift */,
				2000000000000006 /* StatsView.swift */,
				5000000000000010 /* Components */,
				382F434C2EC0A164000B9A42 /* NewRunView.swift */,
				382F434D2EC0A164000B9A42 /* RunSelectionView.swift */,
				382F434E2EC0A164000B9A42 /* RunStatsView.swift */,
			);
			path = Views;
			sourceTree = "<group>";
		};
		5000000000000005 /* Scenes */ = {
			isa = PBXGroup;
			children = (
				2000000000000010 /* BaseGameScene.swift */,
				2000000000000011 /* Stage1Scene.swift */,
				2000000000000012 /* Stage2Scene.swift */,
				2000000000000013 /* Stage3Scene.swift */,
			);
			path = Scenes;
			sourceTree = "<group>";
		};
		5000000000000006 /* Managers */ = {
			isa = PBXGroup;
			children = (
				382F43542EC0A18C000B9A42 /* RunManager.swift */,
				2000000000000014 /* GameManager.swift */,
				2000000000000015 /* ResourceManager.swift */,
				2000000000000016 /* ProgressionManager.swift */,
				2000000000000017 /* SaveManager.swift */,
				2000000000000018 /* OfflineProgressManager.swift */,
			);
			path = Managers;
			sourceTree = "<group>";
		};
		5000000000000007 /* Models */ = {
			isa = PBXGroup;
			children = (
				2000000000000019 /* Civilization.swift */,
				2000000000000020 /* Resource.swift */,
				2000000000000021 /* Building.swift */,
				2000000000000022 /* Technology.swift */,
				2000000000000023 /* KardashevStage.swift */,
				2000000000000024 /* GameState.swift */,
				382F435A2EC0A1A4000B9A42 /* PlanetSeed.swift */,
				382F435B2EC0A1A4000B9A42 /* Run.swift */,
			);
			path = Models;
			sourceTree = "<group>";
		};
		5000000000000008 /* Utils */ = {
			isa = PBXGroup;
			children = (
				382F43562EC0A199000B9A42 /* PlanetGenerator.swift */,
				382F43572EC0A199000B9A42 /* SeededRandomNumberGenerator.swift */,
				2000000000000025 /* BigNumber.swift */,
				2000000000000026 /* Constants.swift */,
				2000000000000027 /* BalanceConfig.swift */,
				2000000000000028 /* Extensions.swift */,
			);
			path = Utils;
			sourceTree = "<group>";
		};
		5000000000000009 /* Resources */ = {
			isa = PBXGroup;
			children = (
				2000000000000029 /* Assets.xcassets */,
			);
			path = Resources;
			sourceTree = "<group>";
		};
		5000000000000010 /* Components */ = {
			isa = PBXGroup;
			children = (
				382F43522EC0A17A000B9A42 /* RunCardView.swift */,
				2000000000000007 /* ResourceDisplayView.swift */,
				2000000000000008 /* BuildingCardView.swift */,
				2000000000000009 /* ClickerButtonView.swift */,
			);
			path = Components;
			sourceTree = "<group>";
		};
/* End PBXGroup section */

/* Begin PBXNativeTarget section */
		6000000000000001 /* KardashevGame */ = {
			isa = PBXNativeTarget;
			buildConfigurationList = 7000000000000001 /* Build configuration list for PBXNativeTarget "KardashevGame" */;
			buildPhases = (
				6000000000000002 /* Sources */,
				4000000000000001 /* Frameworks */,
				6000000000000003 /* Resources */,
			);
			buildRules = (
			);
			dependencies = (
			);
			name = KardashevGame;
			productName = KardashevGame;
			productReference = 3000000000000001 /* KardashevGame.app */;
			productType = "com.apple.product-type.application";
		};
/* End PBXNativeTarget section */

/* Begin PBXProject section */
		8000000000000001 /* Project object */ = {
			isa = PBXProject;
			attributes = {
				BuildIndependentTargetsInParallel = 1;
				LastSwiftUpdateCheck = 1500;
				LastUpgradeCheck = 1500;
				TargetAttributes = {
					6000000000000001 = {
						CreatedOnToolsVersion = 15.0;
					};
				};
			};
			buildConfigurationList = 8000000000000002 /* Build configuration list for PBXProject "KardashevGame" */;
			compatibilityVersion = "Xcode 14.0";
			developmentRegion = en;
			hasScannedForEncodings = 0;
			knownRegions = (
				en,
				Base,
			);
			mainGroup = 5000000000000001;
			productRefGroup = 5000000000000003 /* Products */;
			projectDirPath = "";
			projectRoot = "";
			targets = (
				6000000000000001 /* KardashevGame */,
			);
		};
/* End PBXProject section */

/* Begin PBXResourcesBuildPhase section */
		6000000000000003 /* Resources */ = {
			isa = PBXResourcesBuildPhase;
			buildActionMask = 2147483647;
			files = (
				1000000000000029 /* Assets.xcassets in Resources */,
			);
			runOnlyForDeploymentPostprocessing = 0;
		};
/* End PBXResourcesBuildPhase section */

/* Begin PBXSourcesBuildPhase section */
		6000000000000002 /* Sources */ = {
			isa = PBXSourcesBuildPhase;
			buildActionMask = 2147483647;
			files = (
				1000000000000001 /* KardashevGameApp.swift in Sources */,
				1000000000000002 /* ContentView.swift in Sources */,
				1000000000000003 /* MainMenuView.swift in Sources */,
				1000000000000004 /* GameView.swift in Sources */,
				1000000000000005 /* ShopView.swift in Sources */,
				1000000000000006 /* StatsView.swift in Sources */,
				1000000000000007 /* ResourceDisplayView.swift in Sources */,
				1000000000000008 /* BuildingCardView.swift in Sources */,
				382F43532EC0A17A000B9A42 /* RunCardView.swift in Sources */,
				1000000000000009 /* ClickerButtonView.swift in Sources */,
				1000000000000010 /* BaseGameScene.swift in Sources */,
				1000000000000011 /* Stage1Scene.swift in Sources */,
				1000000000000012 /* Stage2Scene.swift in Sources */,
				1000000000000013 /* Stage3Scene.swift in Sources */,
				1000000000000014 /* GameManager.swift in Sources */,
				1000000000000015 /* ResourceManager.swift in Sources */,
				1000000000000016 /* ProgressionManager.swift in Sources */,
				382F435C2EC0A1A4000B9A42 /* Run.swift in Sources */,
				382F435D2EC0A1A4000B9A42 /* PlanetSeed.swift in Sources */,
				1000000000000017 /* SaveManager.swift in Sources */,
				1000000000000018 /* OfflineProgressManager.swift in Sources */,
				1000000000000019 /* Civilization.swift in Sources */,
				1000000000000020 /* Resource.swift in Sources */,
				1000000000000021 /* Building.swift in Sources */,
				1000000000000022 /* Technology.swift in Sources */,
				1000000000000023 /* KardashevStage.swift in Sources */,
				382F43582EC0A199000B9A42 /* PlanetGenerator.swift in Sources */,
				382F43592EC0A199000B9A42 /* SeededRandomNumberGenerator.swift in Sources */,
				1000000000000024 /* GameState.swift in Sources */,
				382F434F2EC0A164000B9A42 /* NewRunView.swift in Sources */,
				382F43502EC0A164000B9A42 /* RunStatsView.swift in Sources */,
				382F43552EC0A18C000B9A42 /* RunManager.swift in Sources */,
				382F43512EC0A164000B9A42 /* RunSelectionView.swift in Sources */,
				1000000000000025 /* BigNumber.swift in Sources */,
				1000000000000026 /* Constants.swift in Sources */,
				1000000000000027 /* BalanceConfig.swift in Sources */,
				1000000000000028 /* Extensions.swift in Sources */,
			);
			runOnlyForDeploymentPostprocessing = 0;
		};
/* End PBXSourcesBuildPhase section */

/* Begin XCBuildConfiguration section */
		9000000000000001 /* Debug */ = {
			isa = XCBuildConfiguration;
			buildSettings = {
				ALWAYS_SEARCH_USER_PATHS = NO;
				ASSETCATALOG_COMPILER_GENERATE_SWIFT_ASSET_SYMBOL_EXTENSIONS = YES;
				CLANG_ANALYZER_NONNULL = YES;
				CLANG_ANALYZER_NUMBER_OBJECT_CONVERSION = YES_AGGRESSIVE;
				CLANG_CXX_LANGUAGE_STANDARD = "gnu++20";
				CLANG_ENABLE_MODULES = YES;
				CLANG_ENABLE_OBJC_ARC = YES;
				CLANG_ENABLE_OBJC_WEAK = YES;
				CLANG_WARN_BLOCK_CAPTURE_AUTORELEASING = YES;
				CLANG_WARN_BOOL_CONVERSION = YES;
				CLANG_WARN_COMMA = YES;
				CLANG_WARN_CONSTANT_CONVERSION = YES;
				CLANG_WARN_DEPRECATED_OBJC_IMPLEMENTATIONS = YES;
				CLANG_WARN_DIRECT_OBJC_ISA_USAGE = YES_ERROR;
				CLANG_WARN_DOCUMENTATION_COMMENTS = YES;
				CLANG_WARN_EMPTY_BODY = YES;
				CLANG_WARN_ENUM_CONVERSION = YES;
				CLANG_WARN_INFINITE_RECURSION = YES;
				CLANG_WARN_INT_CONVERSION = YES;
				CLANG_WARN_NON_LITERAL_NULL_CONVERSION = YES;
				CLANG_WARN_OBJC_IMPLICIT_RETAIN_SELF = YES;
				CLANG_WARN_OBJC_LITERAL_CONVERSION = YES;
				CLANG_WARN_OBJC_ROOT_CLASS = YES_ERROR;
				CLANG_WARN_QUOTED_INCLUDE_IN_FRAMEWORK_HEADER = YES;
				CLANG_WARN_RANGE_LOOP_ANALYSIS = YES;
				CLANG_WARN_STRICT_PROTOTYPES = YES;
				CLANG_WARN_SUSPICIOUS_MOVE = YES;
				CLANG_WARN_UNGUARDED_AVAILABILITY = YES_AGGRESSIVE;
				CLANG_WARN_UNREACHABLE_CODE = YES;
				CLANG_WARN__DUPLICATE_METHOD_MATCH = YES;
				COPY_PHASE_STRIP = NO;
				DEBUG_INFORMATION_FORMAT = dwarf;
				ENABLE_STRICT_OBJC_MSGSEND = YES;
				ENABLE_TESTABILITY = YES;
				ENABLE_USER_SCRIPT_SANDBOXING = YES;
				GCC_C_LANGUAGE_STANDARD = gnu17;
				GCC_DYNAMIC_NO_PIC = NO;
				GCC_NO_COMMON_BLOCKS = YES;
				GCC_OPTIMIZATION_LEVEL = 0;
				GCC_PREPROCESSOR_DEFINITIONS = (
					"DEBUG=1",
					"$(inherited)",
				);
				GCC_WARN_64_TO_32_BIT_CONVERSION = YES;
				GCC_WARN_ABOUT_RETURN_TYPE = YES_ERROR;
				GCC_WARN_UNDECLARED_SELECTOR = YES;
				GCC_WARN_UNINITIALIZED_AUTOS = YES_AGGRESSIVE;
				GCC_WARN_UNUSED_FUNCTION = YES;
				GCC_WARN_UNUSED_VARIABLE = YES;
				IPHONEOS_DEPLOYMENT_TARGET = 16.0;
				LOCALIZATION_PREFERS_STRING_CATALOGS = YES;
				MTL_ENABLE_DEBUG_INFO = INCLUDE_SOURCE;
				MTL_FAST_MATH = YES;
				ONLY_ACTIVE_ARCH = YES;
				SDKROOT = iphoneos;
				SWIFT_ACTIVE_COMPILATION_CONDITIONS = "DEBUG $(inherited)";
				SWIFT_OPTIMIZATION_LEVEL = "-Onone";
			};
			name = Debug;
		};
		9000000000000002 /* Release */ = {
			isa = XCBuildConfiguration;
			buildSettings = {
				ALWAYS_SEARCH_USER_PATHS = NO;
				ASSETCATALOG_COMPILER_GENERATE_SWIFT_ASSET_SYMBOL_EXTENSIONS = YES;
				CLANG_ANALYZER_NONNULL = YES;
				CLANG_ANALYZER_NUMBER_OBJECT_CONVERSION = YES_AGGRESSIVE;
				CLANG_CXX_LANGUAGE_STANDARD = "gnu++20";
				CLANG_ENABLE_MODULES = YES;
				CLANG_ENABLE_OBJC_ARC = YES;
				CLANG_ENABLE_OBJC_WEAK = YES;
				CLANG_WARN_BLOCK_CAPTURE_AUTORELEASING = YES;
				CLANG_WARN_BOOL_CONVERSION = YES;
				CLANG_WARN_COMMA = YES;
				CLANG_WARN_CONSTANT_CONVERSION = YES;
				CLANG_WARN_DEPRECATED_OBJC_IMPLEMENTATIONS = YES;
				CLANG_WARN_DIRECT_OBJC_ISA_USAGE = YES_ERROR;
				CLANG_WARN_DOCUMENTATION_COMMENTS = YES;
				CLANG_WARN_EMPTY_BODY = YES;
				CLANG_WARN_ENUM_CONVERSION = YES;
				CLANG_WARN_INFINITE_RECURSION = YES;
				CLANG_WARN_INT_CONVERSION = YES;
				CLANG_WARN_NON_LITERAL_NULL_CONVERSION = YES;
				CLANG_WARN_OBJC_IMPLICIT_RETAIN_SELF = YES;
				CLANG_WARN_OBJC_LITERAL_CONVERSION = YES;
				CLANG_WARN_OBJC_ROOT_CLASS = YES_ERROR;
				CLANG_WARN_QUOTED_INCLUDE_IN_FRAMEWORK_HEADER = YES;
				CLANG_WARN_RANGE_LOOP_ANALYSIS = YES;
				CLANG_WARN_STRICT_PROTOTYPES = YES;
				CLANG_WARN_SUSPICIOUS_MOVE = YES;
				CLANG_WARN_UNGUARDED_AVAILABILITY = YES_AGGRESSIVE;
				CLANG_WARN_UNREACHABLE_CODE = YES;
				CLANG_WARN__DUPLICATE_METHOD_MATCH = YES;
				COPY_PHASE_STRIP = NO;
				DEBUG_INFORMATION_FORMAT = "dwarf-with-dsym";
				ENABLE_NS_ASSERTIONS = NO;
				ENABLE_STRICT_OBJC_MSGSEND = YES;
				ENABLE_USER_SCRIPT_SANDBOXING = YES;
				GCC_C_LANGUAGE_STANDARD = gnu17;
				GCC_NO_COMMON_BLOCKS = YES;
				GCC_WARN_64_TO_32_BIT_CONVERSION = YES;
				GCC_WARN_ABOUT_RETURN_TYPE = YES_ERROR;
				GCC_WARN_UNDECLARED_SELECTOR = YES;
				GCC_WARN_UNINITIALIZED_AUTOS = YES_AGGRESSIVE;
				GCC_WARN_UNUSED_FUNCTION = YES;
				GCC_WARN_UNUSED_VARIABLE = YES;
				IPHONEOS_DEPLOYMENT_TARGET = 16.0;
				LOCALIZATION_PREFERS_STRING_CATALOGS = YES;
				MTL_ENABLE_DEBUG_INFO = NO;
				MTL_FAST_MATH = YES;
				SDKROOT = iphoneos;
				SWIFT_COMPILATION_MODE = wholemodule;
				VALIDATE_PRODUCT = YES;
			};
			name = Release;
		};
		9000000000000003 /* Debug */ = {
			isa = XCBuildConfiguration;
			buildSettings = {
				ASSETCATALOG_COMPILER_APPICON_NAME = AppIcon;
				ASSETCATALOG_COMPILER_GLOBAL_ACCENT_COLOR_NAME = AccentColor;
				CODE_SIGN_STYLE = Automatic;
				CURRENT_PROJECT_VERSION = 1;
				DEVELOPMENT_TEAM = "";
				ENABLE_PREVIEWS = YES;
				GENERATE_INFOPLIST_FILE = NO;
				INFOPLIST_FILE = KardashevGame/Info.plist;
				INFOPLIST_KEY_UIApplicationSceneManifest_Generation = YES;
				INFOPLIST_KEY_UIApplicationSupportsIndirectInputEvents = YES;
				INFOPLIST_KEY_UILaunchScreen_Generation = YES;
				INFOPLIST_KEY_UISupportedInterfaceOrientations = UIInterfaceOrientationPortrait;
				INFOPLIST_KEY_UISupportedInterfaceOrientations_iPad = "UIInterfaceOrientationLandscapeLeft UIInterfaceOrientationLandscapeRight UIInterfaceOrientationPortrait UIInterfaceOrientationPortraitUpsideDown";
				LD_RUNPATH_SEARCH_PATHS = (
					"$(inherited)",
					"@executable_path/Frameworks",
				);
				MARKETING_VERSION = 1.0;
				PRODUCT_BUNDLE_IDENTIFIER = com.kardashev.game;
				PRODUCT_NAME = "$(TARGET_NAME)";
				SUPPORTED_PLATFORMS = "iphoneos iphonesimulator";
				SUPPORTS_MACCATALYST = NO;
				SUPPORTS_MAC_DESIGNED_FOR_IPHONE_IPAD = NO;
				SWIFT_EMIT_LOC_STRINGS = YES;
				SWIFT_VERSION = 5.0;
				TARGETED_DEVICE_FAMILY = "1,2";
			};
			name = Debug;
		};
		9000000000000004 /* Release */ = {
			isa = XCBuildConfiguration;
			buildSettings = {
				ASSETCATALOG_COMPILER_APPICON_NAME = AppIcon;
				ASSETCATALOG_COMPILER_GLOBAL_ACCENT_COLOR_NAME = AccentColor;
				CODE_SIGN_STYLE = Automatic;
				CURRENT_PROJECT_VERSION = 1;
				DEVELOPMENT_TEAM = "";
				ENABLE_PREVIEWS = YES;
				GENERATE_INFOPLIST_FILE = NO;
				INFOPLIST_FILE = KardashevGame/Info.plist;
				INFOPLIST_KEY_UIApplicationSceneManifest_Generation = YES;
				INFOPLIST_KEY_UIApplicationSupportsIndirectInputEvents = YES;
				INFOPLIST_KEY_UILaunchScreen_Generation = YES;
				INFOPLIST_KEY_UISupportedInterfaceOrientations = UIInterfaceOrientationPortrait;
				INFOPLIST_KEY_UISupportedInterfaceOrientations_iPad = "UIInterfaceOrientationLandscapeLeft UIInterfaceOrientationLandscapeRight UIInterfaceOrientationPortrait UIInterfaceOrientationPortraitUpsideDown";
				LD_RUNPATH_SEARCH_PATHS = (
					"$(inherited)",
					"@executable_path/Frameworks",
				);
				MARKETING_VERSION = 1.0;
				PRODUCT_BUNDLE_IDENTIFIER = com.kardashev.game;
				PRODUCT_NAME = "$(TARGET_NAME)";
				SUPPORTED_PLATFORMS = "iphoneos iphonesimulator";
				SUPPORTS_MACCATALYST = NO;
				SUPPORTS_MAC_DESIGNED_FOR_IPHONE_IPAD = NO;
				SWIFT_EMIT_LOC_STRINGS = YES;
				SWIFT_VERSION = 5.0;
				TARGETED_DEVICE_FAMILY = "1,2";
			};
			name = Release;
		};
/* End XCBuildConfiguration section */

/* Begin XCConfigurationList section */
		7000000000000001 /* Build configuration list for PBXNativeTarget "KardashevGame" */ = {
			isa = XCConfigurationList;
			buildConfigurations = (
				9000000000000003 /* Debug */,
				9000000000000004 /* Release */,
			);
			defaultConfigurationIsVisible = 0;
			defaultConfigurationName = Release;
		};
		8000000000000002 /* Build configuration list for PBXProject "KardashevGame" */ = {
			isa = XCConfigurationList;
			buildConfigurations = (
				9000000000000001 /* Debug */,
				9000000000000002 /* Release */,
			);
			defaultConfigurationIsVisible = 0;
			defaultConfigurationName = Release;
		};
/* End XCConfigurationList section */
	};
	rootObject = 8000000000000001 /* Project object */;
}
